
Microsoft Visual Studio Solution File, Format Version 12.00
# Visual Studio Version 16
VisualStudioVersion = 16.0.29411.108
MinimumVisualStudioVersion = 10.0.40219.1
Project("{FAE04EC0-301F-11D3-BF4B-00C04F79EFBC}") = "Alice", "Alice\Alice.csproj", "{E20C1F8F-441B-44B9-9637-F37F52F28FF9}"
EndProject
Global
	GlobalSection(SolutionConfigurationPlatforms) = preSolution
		Debug|Any CPU = Debug|Any CPU
		Release|Any CPU = Release|Any CPU
	EndGlobalSection
	GlobalSection(ProjectConfigurationPlatforms) = postSolution
		{E20C1F8F-441B-44B9-9637-F37F52F28FF9}.Debug|Any CPU.ActiveCfg = Debug|Any CPU
		{E20C1F8F-441B-44B9-9637-F37F52F28FF9}.Debug|Any CPU.Build.0 = Debug|Any CPU
		{E20C1F8F-441B-44B9-9637-F37F52F28FF9}.Release|Any CPU.ActiveCfg = Release|Any CPU
		{E20C1F8F-441B-44B9-9637-F37F52F28FF9}.Release|Any CPU.Build.0 = Release|Any CPU
	EndGlobalSection
	GlobalSection(SolutionProperties) = preSolution
		HideSolutionNode = FALSE
	EndGlobalSection
	GlobalSection(ExtensibilityGlobals) = postSolution
		SolutionGuid = {CB1A8673-11C9-47DB-9E9A-B0AB1A21AC33}
	EndGlobalSection
EndGlobal
